
Microsoft Visual Studio Solution File, Format Version 12.00
# Visual Studio Version 17
VisualStudioVersion = 17.0.31903.59
MinimumVisualStudioVersion = 10.0.40219.1
Project("{FAE04EC0-301F-11D3-BF4B-00C04F79EFBC}") = "Backend", "Backend\Backend.csproj", "{CBF3D9D6-E8DA-4EB8-A3CB-264F4E390B31}"
EndProject
Global
	GlobalSection(SolutionConfigurationPlatforms) = preSolution
		Debug|Any CPU = Debug|Any CPU
		Release|Any CPU = Release|Any CPU
	EndGlobalSection
	GlobalSection(SolutionProperties) = preSolution
		HideSolutionNode = FALSE
	EndGlobalSection
	GlobalSection(ProjectConfigurationPlatforms) = postSolution
		{CBF3D9D6-E8DA-4EB8-A3CB-264F4E390B31}.Debug|Any CPU.ActiveCfg = Debug|Any CPU
		{CBF3D9D6-E8DA-4EB8-A3CB-264F4E390B31}.Debug|Any CPU.Build.0 = Debug|Any CPU
		{CBF3D9D6-E8DA-4EB8-A3CB-264F4E390B31}.Release|Any CPU.ActiveCfg = Release|Any CPU
		{CBF3D9D6-E8DA-4EB8-A3CB-264F4E390B31}.Release|Any CPU.Build.0 = Release|Any CPU
	EndGlobalSection
EndGlobal
